
Microsoft Visual Studio Solution File, Format Version 12.00
# Visual Studio Version 16
VisualStudioVersion = 16.0.30114.105
MinimumVisualStudioVersion = 10.0.40219.1
Project("{FAE04EC0-301F-11D3-BF4B-00C04F79EFBC}") = "Application", "Api.Application\Application.csproj", "{A16E0E1A-DDB1-4972-8481-AC4AB8149796}"
EndProject
Project("{FAE04EC0-301F-11D3-BF4B-00C04F79EFBC}") = "Data", "Api.Data\Data.csproj", "{E58BD429-3821-4EDA-8392-652D1CA9928D}"
EndProject
Project("{FAE04EC0-301F-11D3-BF4B-00C04F79EFBC}") = "Domain", "Api.Domain\Domain.csproj", "{2DC426D5-7F3B-46E6-A748-4C4A952A662D}"
EndProject
Project("{FAE04EC0-301F-11D3-BF4B-00C04F79EFBC}") = "CrossCutting", "Api.CrossCutting\CrossCutting.csproj", "{CFBFD505-785D-4519-A12E-2B5BE85AD244}"
EndProject
Project("{FAE04EC0-301F-11D3-BF4B-00C04F79EFBC}") = "Services", "Api.Services\Services.csproj", "{0C3EDF58-5593-4F4B-94B8-445DD983E0C5}"
EndProject
Global
	GlobalSection(SolutionConfigurationPlatforms) = preSolution
		Debug|Any CPU = Debug|Any CPU
		Debug|x64 = Debug|x64
		Debug|x86 = Debug|x86
		Release|Any CPU = Release|Any CPU
		Release|x64 = Release|x64
		Release|x86 = Release|x86
	EndGlobalSection
	GlobalSection(SolutionProperties) = preSolution
		HideSolutionNode = FALSE
	EndGlobalSection
	GlobalSection(ProjectConfigurationPlatforms) = postSolution
		{A16E0E1A-DDB1-4972-8481-AC4AB8149796}.Debug|Any CPU.ActiveCfg = Debug|Any CPU
		{A16E0E1A-DDB1-4972-8481-AC4AB8149796}.Debug|Any CPU.Build.0 = Debug|Any CPU
		{A16E0E1A-DDB1-4972-8481-AC4AB8149796}.Debug|x64.ActiveCfg = Debug|Any CPU
		{A16E0E1A-DDB1-4972-8481-AC4AB8149796}.Debug|x64.Build.0 = Debug|Any CPU
		{A16E0E1A-DDB1-4972-8481-AC4AB8149796}.Debug|x86.ActiveCfg = Debug|Any CPU
		{A16E0E1A-DDB1-4972-8481-AC4AB8149796}.Debug|x86.Build.0 = Debug|Any CPU
		{A16E0E1A-DDB1-4972-8481-AC4AB8149796}.Release|Any CPU.ActiveCfg = Release|Any CPU
		{A16E0E1A-DDB1-4972-8481-AC4AB8149796}.Release|Any CPU.Build.0 = Release|Any CPU
		{A16E0E1A-DDB1-4972-8481-AC4AB8149796}.Release|x64.ActiveCfg = Release|Any CPU
		{A16E0E1A-DDB1-4972-8481-AC4AB8149796}.Release|x64.Build.0 = Release|Any CPU
		{A16E0E1A-DDB1-4972-8481-AC4AB8149796}.Release|x86.ActiveCfg = Release|Any CPU
		{A16E0E1A-DDB1-4972-8481-AC4AB8149796}.Release|x86.Build.0 = Release|Any CPU
		{E58BD429-3821-4EDA-8392-652D1CA9928D}.Debug|Any CPU.ActiveCfg = Debug|Any CPU
		{E58BD429-3821-4EDA-8392-652D1CA9928D}.Debug|Any CPU.Build.0 = Debug|Any CPU
		{E58BD429-3821-4EDA-8392-652D1CA9928D}.Debug|x64.ActiveCfg = Debug|Any CPU
		{E58BD429-3821-4EDA-8392-652D1CA9928D}.Debug|x64.Build.0 = Debug|Any CPU
		{E58BD429-3821-4EDA-8392-652D1CA9928D}.Debug|x86.ActiveCfg = Debug|Any CPU
		{E58BD429-3821-4EDA-8392-652D1CA9928D}.Debug|x86.Build.0 = Debug|Any CPU
		{E58BD429-3821-4EDA-8392-652D1CA9928D}.Release|Any CPU.ActiveCfg = Release|Any CPU
		{E58BD429-3821-4EDA-8392-652D1CA9928D}.Release|Any CPU.Build.0 = Release|Any CPU
		{E58BD429-3821-4EDA-8392-652D1CA9928D}.Release|x64.ActiveCfg = Release|Any CPU
		{E58BD429-3821-4EDA-8392-652D1CA9928D}.Release|x64.Build.0 = Release|Any CPU
		{E58BD429-3821-4EDA-8392-652D1CA9928D}.Release|x86.ActiveCfg = Release|Any CPU
		{E58BD429-3821-4EDA-8392-652D1CA9928D}.Release|x86.Build.0 = Release|Any CPU
		{2DC426D5-7F3B-46E6-A748-4C4A952A662D}.Debug|Any CPU.ActiveCfg = Debug|Any CPU
		{2DC426D5-7F3B-46E6-A748-4C4A952A662D}.Debug|Any CPU.Build.0 = Debug|Any CPU
		{2DC426D5-7F3B-46E6-A748-4C4A952A662D}.Debug|x64.ActiveCfg = Debug|Any CPU
		{2DC426D5-7F3B-46E6-A748-4C4A952A662D}.Debug|x64.Build.0 = Debug|Any CPU
		{2DC426D5-7F3B-46E6-A748-4C4A952A662D}.Debug|x86.ActiveCfg = Debug|Any CPU
		{2DC426D5-7F3B-46E6-A748-4C4A952A662D}.Debug|x86.Build.0 = Debug|Any CPU
		{2DC426D5-7F3B-46E6-A748-4C4A952A662D}.Release|Any CPU.ActiveCfg = Release|Any CPU
		{2DC426D5-7F3B-46E6-A748-4C4A952A662D}.Release|Any CPU.Build.0 = Release|Any CPU
		{2DC426D5-7F3B-46E6-A748-4C4A952A662D}.Release|x64.ActiveCfg = Release|Any CPU
		{2DC426D5-7F3B-46E6-A748-4C4A952A662D}.Release|x64.Build.0 = Release|Any CPU
		{2DC426D5-7F3B-46E6-A748-4C4A952A662D}.Release|x86.ActiveCfg = Release|Any CPU
		{2DC426D5-7F3B-46E6-A748-4C4A952A662D}.Release|x86.Build.0 = Release|Any CPU
		{CFBFD505-785D-4519-A12E-2B5BE85AD244}.Debug|Any CPU.ActiveCfg = Debug|Any CPU
		{CFBFD505-785D-4519-A12E-2B5BE85AD244}.Debug|Any CPU.Build.0 = Debug|Any CPU
		{CFBFD505-785D-4519-A12E-2B5BE85AD244}.Debug|x64.ActiveCfg = Debug|Any CPU
		{CFBFD505-785D-4519-A12E-2B5BE85AD244}.Debug|x64.Build.0 = Debug|Any CPU
		{CFBFD505-785D-4519-A12E-2B5BE85AD244}.Debug|x86.ActiveCfg = Debug|Any CPU
		{CFBFD505-785D-4519-A12E-2B5BE85AD244}.Debug|x86.Build.0 = Debug|Any CPU
		{CFBFD505-785D-4519-A12E-2B5BE85AD244}.Release|Any CPU.ActiveCfg = Release|Any CPU
		{CFBFD505-785D-4519-A12E-2B5BE85AD244}.Release|Any CPU.Build.0 = Release|Any CPU
		{CFBFD505-785D-4519-A12E-2B5BE85AD244}.Release|x64.ActiveCfg = Release|Any CPU
		{CFBFD505-785D-4519-A12E-2B5BE85AD244}.Release|x64.Build.0 = Release|Any CPU
		{CFBFD505-785D-4519-A12E-2B5BE85AD244}.Release|x86.ActiveCfg = Release|Any CPU
		{CFBFD505-785D-4519-A12E-2B5BE85AD244}.Release|x86.Build.0 = Release|Any CPU
		{0C3EDF58-5593-4F4B-94B8-445DD983E0C5}.Debug|Any CPU.ActiveCfg = Debug|Any CPU
		{0C3EDF58-5593-4F4B-94B8-445DD983E0C5}.Debug|Any CPU.Build.0 = Debug|Any CPU
		{0C3EDF58-5593-4F4B-94B8-445DD983E0C5}.Debug|x64.ActiveCfg = Debug|Any CPU
		{0C3EDF58-5593-4F4B-94B8-445DD983E0C5}.Debug|x64.Build.0 = Debug|Any CPU
		{0C3EDF58-5593-4F4B-94B8-445DD983E0C5}.Debug|x86.ActiveCfg = Debug|Any CPU
		{0C3EDF58-5593-4F4B-94B8-445DD983E0C5}.Debug|x86.Build.0 = Debug|Any CPU
		{0C3EDF58-5593-4F4B-94B8-445DD983E0C5}.Release|Any CPU.ActiveCfg = Release|Any CPU
		{0C3EDF58-5593-4F4B-94B8-445DD983E0C5}.Release|Any CPU.Build.0 = Release|Any CPU
		{0C3EDF58-5593-4F4B-94B8-445DD983E0C5}.Release|x64.ActiveCfg = Release|Any CPU
		{0C3EDF58-5593-4F4B-94B8-445DD983E0C5}.Release|x64.Build.0 = Release|Any CPU
		{0C3EDF58-5593-4F4B-94B8-445DD983E0C5}.Release|x86.ActiveCfg = Release|Any CPU
		{0C3EDF58-5593-4F4B-94B8-445DD983E0C5}.Release|x86.Build.0 = Release|Any CPU
	EndGlobalSection
EndGlobal
